
Microsoft Visual Studio Solution File, Format Version 12.00
# Visual Studio 15
Project("{FAE04EC0-301F-11D3-BF4B-00C04F79EFBC}") = "Assembly-CSharp", "Assembly-CSharp.csproj", "{980B02D6-09E0-7E72-A42C-4E4838A145D3}"
EndProject
Project("{FAE04EC0-301F-11D3-BF4B-00C04F79EFBC}") = "PathCreator", "PathCreator.csproj", "{0E43CD16-B430-0D24-FEEA-2DBCFE14CF4E}"
EndProject
Project("{FAE04EC0-301F-11D3-BF4B-00C04F79EFBC}") = "PathCreatorEditor", "PathCreatorEditor.csproj", "{BA1D9DE0-CD04-E320-C1CE-0EAFA4690FCF}"
EndProject
Project("{FAE04EC0-301F-11D3-BF4B-00C04F79EFBC}") = "Assembly-CSharp-Editor", "Assembly-CSharp-Editor.csproj", "{3656F065-E752-05CA-1222-297B7F84F440}"
EndProject
Global
	GlobalSection(SolutionConfigurationPlatforms) = preSolution
		Debug|Any CPU = Debug|Any CPU
		Release|Any CPU = Release|Any CPU
	EndGlobalSection
	GlobalSection(ProjectConfigurationPlatforms) = postSolution
		{980B02D6-09E0-7E72-A42C-4E4838A145D3}.Debug|Any CPU.ActiveCfg = Debug|Any CPU
		{980B02D6-09E0-7E72-A42C-4E4838A145D3}.Debug|Any CPU.Build.0 = Debug|Any CPU
		{980B02D6-09E0-7E72-A42C-4E4838A145D3}.Release|Any CPU.ActiveCfg = Release|Any CPU
		{980B02D6-09E0-7E72-A42C-4E4838A145D3}.Release|Any CPU.Build.0 = Release|Any CPU
		{0E43CD16-B430-0D24-FEEA-2DBCFE14CF4E}.Debug|Any CPU.ActiveCfg = Debug|Any CPU
		{0E43CD16-B430-0D24-FEEA-2DBCFE14CF4E}.Debug|Any CPU.Build.0 = Debug|Any CPU
		{0E43CD16-B430-0D24-FEEA-2DBCFE14CF4E}.Release|Any CPU.ActiveCfg = Release|Any CPU
		{0E43CD16-B430-0D24-FEEA-2DBCFE14CF4E}.Release|Any CPU.Build.0 = Release|Any CPU
		{BA1D9DE0-CD04-E320-C1CE-0EAFA4690FCF}.Debug|Any CPU.ActiveCfg = Debug|Any CPU
		{BA1D9DE0-CD04-E320-C1CE-0EAFA4690FCF}.Debug|Any CPU.Build.0 = Debug|Any CPU
		{BA1D9DE0-CD04-E320-C1CE-0EAFA4690FCF}.Release|Any CPU.ActiveCfg = Release|Any CPU
		{BA1D9DE0-CD04-E320-C1CE-0EAFA4690FCF}.Release|Any CPU.Build.0 = Release|Any CPU
		{3656F065-E752-05CA-1222-297B7F84F440}.Debug|Any CPU.ActiveCfg = Debug|Any CPU
		{3656F065-E752-05CA-1222-297B7F84F440}.Debug|Any CPU.Build.0 = Debug|Any CPU
		{3656F065-E752-05CA-1222-297B7F84F440}.Release|Any CPU.ActiveCfg = Release|Any CPU
		{3656F065-E752-05CA-1222-297B7F84F440}.Release|Any CPU.Build.0 = Release|Any CPU
	EndGlobalSection
	GlobalSection(SolutionProperties) = preSolution
		HideSolutionNode = FALSE
	EndGlobalSection
EndGlobal
